// !$*UTF8*$!
{
	archiveVersion = 1;
	classes = {
	};
	objectVersion = 46;
	objects = {

/* Begin PBXBuildFile section */
		5CE501721D999682007C7F90 /* AppDelegate.swift in Sources */ = {isa = PBXBuildFile; fileRef = 5CE501711D999682007C7F90 /* AppDelegate.swift */; };
		5CE501741D999682007C7F90 /* ViewController.swift in Sources */ = {isa = PBXBuildFile; fileRef = 5CE501731D999682007C7F90 /* ViewController.swift */; };
		5CE501771D999682007C7F90 /* Main.storyboard in Resources */ = {isa = PBXBuildFile; fileRef = 5CE501751D999682007C7F90 /* Main.storyboard */; };
		5CE501791D999682007C7F90 /* Assets.xcassets in Resources */ = {isa = PBXBuildFile; fileRef = 5CE501781D999682007C7F90 /* Assets.xcassets */; };
		5CE5017C1D999682007C7F90 /* LaunchScreen.storyboard in Resources */ = {isa = PBXBuildFile; fileRef = 5CE5017A1D999682007C7F90 /* LaunchScreen.storyboard */; };
		5CE501871D999683007C7F90 /* FirstAfternoonAppTests.swift in Sources */ = {isa = PBXBuildFile; fileRef = 5CE501861D999683007C7F90 /* FirstAfternoonAppTests.swift */; };
		5CE501921D999683007C7F90 /* FirstAfternoonAppUITests.swift in Sources */ = {isa = PBXBuildFile; fileRef = 5CE501911D999683007C7F90 /* FirstAfternoonAppUITests.swift */; };
/* End PBXBuildFile section */

/* Begin PBXContainerItemProxy section */
		5CE501831D999683007C7F90 /* PBXContainerItemProxy */ = {
			isa = PBXContainerItemProxy;
			containerPortal = 5CE501661D999682007C7F90 /* Project object */;
			proxyType = 1;
			remoteGlobalIDString = 5CE5016D1D999682007C7F90;
			remoteInfo = FirstAfternoonApp;
		};
		5CE5018E1D999683007C7F90 /* PBXContainerItemProxy */ = {
			isa = PBXContainerItemProxy;
			containerPortal = 5CE501661D999682007C7F90 /* Project object */;
			proxyType = 1;
			remoteGlobalIDString = 5CE5016D1D999682007C7F90;
			remoteInfo = FirstAfternoonApp;
		};
/* End PBXContainerItemProxy section */

/* Begin PBXFileReference section */
		5CE5016E1D999682007C7F90 /* FirstAfternoonApp.app */ = {isa = PBXFileReference; explicitFileType = wrapper.application; includeInIndex = 0; path = FirstAfternoonApp.app; sourceTree = BUILT_PRODUCTS_DIR; };
		5CE501711D999682007C7F90 /* AppDelegate.swift */ = {isa = PBXFileReference; lastKnownFileType = sourcecode.swift; path = AppDelegate.swift; sourceTree = "<group>"; };
		5CE501731D999682007C7F90 /* ViewController.swift */ = {isa = PBXFileReference; lastKnownFileType = sourcecode.swift; path = ViewController.swift; sourceTree = "<group>"; };
		5CE501761D999682007C7F90 /* Base */ = {isa = PBXFileReference; lastKnownFileType = file.storyboard; name = Base; path = Base.lproj/Main.storyboard; sourceTree = "<group>"; };
		5CE501781D999682007C7F90 /* Assets.xcassets */ = {isa = PBXFileReference; lastKnownFileType = folder.assetcatalog; path = Assets.xcassets; sourceTree = "<group>"; };
		5CE5017B1D999682007C7F90 /* Base */ = {isa = PBXFileReference; lastKnownFileType = file.storyboard; name = Base; path = Base.lproj/LaunchScreen.storyboard; sourceTree = "<group>"; };
		5CE5017D1D999682007C7F90 /* Info.plist */ = {isa = PBXFileReference; lastKnownFileType = text.plist.xml; path = Info.plist; sourceTree = "<group>"; };
		5CE501821D999683007C7F90 /* FirstAfternoonAppTests.xctest */ = {isa = PBXFileReference; explicitFileType = wrapper.cfbundle; includeInIndex = 0; path = FirstAfternoonAppTests.xctest; sourceTree = BUILT_PRODUCTS_DIR; };
		5CE501861D999683007C7F90 /* FirstAfternoonAppTests.swift */ = {isa = PBXFileReference; lastKnownFileType = sourcecode.swift; path = FirstAfternoonAppTests.swift; sourceTree = "<group>"; };
		5CE501881D999683007C7F90 /* Info.plist */ = {isa = PBXFileReference; lastKnownFileType = text.plist.xml; path = Info.plist; sourceTree = "<group>"; };
		5CE5018D1D999683007C7F90 /* FirstAfternoonAppUITests.xctest */ = {isa = PBXFileReference; explicitFileType = wrapper.cfbundle; includeInIndex = 0; path = FirstAfternoonAppUITests.xctest; sourceTree = BUILT_PRODUCTS_DIR; };
		5CE501911D999683007C7F90 /* FirstAfternoonAppUITests.swift */ = {isa = PBXFileReference; lastKnownFileType = sourcecode.swift; path = FirstAfternoonAppUITests.swift; sourceTree = "<group>"; };
		5CE501931D999683007C7F90 /* Info.plist */ = {isa = PBXFileReference; lastKnownFileType = text.plist.xml; path = Info.plist; sourceTree = "<group>"; };
/* End PBXFileReference section */

/* Begin PBXFrameworksBuildPhase section */
		5CE5016B1D999682007C7F90 /* Frameworks */ = {
			isa = PBXFrameworksBuildPhase;
			buildActionMask = 2147483647;
			files = (
			);
			runOnlyForDeploymentPostprocessing = 0;
		};
		5CE5017F1D999683007C7F90 /* Frameworks */ = {
			isa = PBXFrameworksBuildPhase;
			buildActionMask = 2147483647;
			files = (
			);
			runOnlyForDeploymentPostprocessing = 0;
		};
		5CE5018A1D999683007C7F90 /* Frameworks */ = {
			isa = PBXFrameworksBuildPhase;
			buildActionMask = 2147483647;
			files = (
			);
			runOnlyForDeploymentPostprocessing = 0;
		};
/* End PBXFrameworksBuildPhase section */

/* Begin PBXGroup section */
		5CE501651D999682007C7F90 = {
			isa = PBXGroup;
			children = (
				5CE501701D999682007C7F90 /* FirstAfternoonApp */,
				5CE501851D999683007C7F90 /* FirstAfternoonAppTests */,
				5CE501901D999683007C7F90 /* FirstAfternoonAppUITests */,
				5CE5016F1D999682007C7F90 /* Products */,
			);
			sourceTree = "<group>";
		};
		5CE5016F1D999682007C7F90 /* Products */ = {
			isa = PBXGroup;
			children = (
				5CE5016E1D999682007C7F90 /* FirstAfternoonApp.app */,
				5CE501821D999683007C7F90 /* FirstAfternoonAppTests.xctest */,
				5CE5018D1D999683007C7F90 /* FirstAfternoonAppUITests.xctest */,
			);
			name = Products;
			sourceTree = "<group>";
		};
		5CE501701D999682007C7F90 /* FirstAfternoonApp */ = {
			isa = PBXGroup;
			children = (
				5CE501711D999682007C7F90 /* AppDelegate.swift */,
				5CE501731D999682007C7F90 /* ViewController.swift */,
				5CE501751D999682007C7F90 /* Main.storyboard */,
				5CE501781D999682007C7F90 /* Assets.xcassets */,
				5CE5017A1D999682007C7F90 /* LaunchScreen.storyboard */,
				5CE5017D1D999682007C7F90 /* Info.plist */,
			);
			path = FirstAfternoonApp;
			sourceTree = "<group>";
		};
		5CE501851D999683007C7F90 /* FirstAfternoonAppTests */ = {
			isa = PBXGroup;
			children = (
				5CE501861D999683007C7F90 /* FirstAfternoonAppTests.swift */,
				5CE501881D999683007C7F90 /* Info.plist */,
			);
			path = FirstAfternoonAppTests;
			sourceTree = "<group>";
		};
		5CE501901D999683007C7F90 /* FirstAfternoonAppUITests */ = {
			isa = PBXGroup;
			children = (
				5CE501911D999683007C7F90 /* FirstAfternoonAppUITests.swift */,
				5CE501931D999683007C7F90 /* Info.plist */,
			);
			path = FirstAfternoonAppUITests;
			sourceTree = "<group>";
		};
/* End PBXGroup section */

/* Begin PBXNativeTarget section */
		5CE5016D1D999682007C7F90 /* FirstAfternoonApp */ = {
			isa = PBXNativeTarget;
			buildConfigurationList = 5CE501961D999683007C7F90 /* Build configuration list for PBXNativeTarget "FirstAfternoonApp" */;
			buildPhases = (
				5CE5016A1D999682007C7F90 /* Sources */,
				5CE5016B1D999682007C7F90 /* Frameworks */,
				5CE5016C1D999682007C7F90 /* Resources */,
			);
			buildRules = (
			);
			dependencies = (
			);
			name = FirstAfternoonApp;
			productName = FirstAfternoonApp;
			productReference = 5CE5016E1D999682007C7F90 /* FirstAfternoonApp.app */;
			productType = "com.apple.product-type.application";
		};
		5CE501811D999683007C7F90 /* FirstAfternoonAppTests */ = {
			isa = PBXNativeTarget;
			buildConfigurationList = 5CE501991D999683007C7F90 /* Build configuration list for PBXNativeTarget "FirstAfternoonAppTests" */;
			buildPhases = (
				5CE5017E1D999683007C7F90 /* Sources */,
				5CE5017F1D999683007C7F90 /* Frameworks */,
				5CE501801D999683007C7F90 /* Resources */,
			);
			buildRules = (
			);
			dependencies = (
				5CE501841D999683007C7F90 /* PBXTargetDependency */,
			);
			name = FirstAfternoonAppTests;
			productName = FirstAfternoonAppTests;
			productReference = 5CE501821D999683007C7F90 /* FirstAfternoonAppTests.xctest */;
			productType = "com.apple.product-type.bundle.unit-test";
		};
		5CE5018C1D999683007C7F90 /* FirstAfternoonAppUITests */ = {
			isa = PBXNativeTarget;
			buildConfigurationList = 5CE5019C1D999683007C7F90 /* Build configuration list for PBXNativeTarget "FirstAfternoonAppUITests" */;
			buildPhases = (
				5CE501891D999683007C7F90 /* Sources */,
				5CE5018A1D999683007C7F90 /* Frameworks */,
				5CE5018B1D999683007C7F90 /* Resources */,
			);
			buildRules = (
			);
			dependencies = (
				5CE5018F1D999683007C7F90 /* PBXTargetDependency */,
			);
			name = FirstAfternoonAppUITests;
			productName = FirstAfternoonAppUITests;
			productReference = 5CE5018D1D999683007C7F90 /* FirstAfternoonAppUITests.xctest */;
			productType = "com.apple.product-type.bundle.ui-testing";
		};
/* End PBXNativeTarget section */

/* Begin PBXProject section */
		5CE501661D999682007C7F90 /* Project object */ = {
			isa = PBXProject;
			attributes = {
				LastSwiftUpdateCheck = 0720;
				LastUpgradeCheck = 0720;
				ORGANIZATIONNAME = CTEC;
				TargetAttributes = {
					5CE5016D1D999682007C7F90 = {
						CreatedOnToolsVersion = 7.2;
					};
					5CE501811D999683007C7F90 = {
						CreatedOnToolsVersion = 7.2;
						TestTargetID = 5CE5016D1D999682007C7F90;
					};
					5CE5018C1D999683007C7F90 = {
						CreatedOnToolsVersion = 7.2;
						TestTargetID = 5CE5016D1D999682007C7F90;
					};
				};
			};
			buildConfigurationList = 5CE501691D999682007C7F90 /* Build configuration list for PBXProject "FirstAfternoonApp" */;
			compatibilityVersion = "Xcode 3.2";
			developmentRegion = English;
			hasScannedForEncodings = 0;
			knownRegions = (
				en,
				Base,
			);
			mainGroup = 5CE501651D999682007C7F90;
			productRefGroup = 5CE5016F1D999682007C7F90 /* Products */;
			projectDirPath = "";
			projectRoot = "";
			targets = (
				5CE5016D1D999682007C7F90 /* FirstAfternoonApp */,
				5CE501811D999683007C7F90 /* FirstAfternoonAppTests */,
				5CE5018C1D999683007C7F90 /* FirstAfternoonAppUITests */,
			);
		};
/* End PBXProject section */

/* Begin PBXResourcesBuildPhase section */
		5CE5016C1D999682007C7F90 /* Resources */ = {
			isa = PBXResourcesBuildPhase;
			buildActionMask = 2147483647;
			files = (
				5CE5017C1D999682007C7F90 /* LaunchScreen.storyboard in Resources */,
				5CE501791D999682007C7F90 /* Assets.xcassets in Resources */,
				5CE501771D999682007C7F90 /* Main.storyboard in Resources */,
			);
			runOnlyForDeploymentPostprocessing = 0;
		};
		5CE501801D999683007C7F90 /* Resources */ = {
			isa = PBXResourcesBuildPhase;
			buildActionMask = 2147483647;
			files = (
			);
			runOnlyForDeploymentPostprocessing = 0;
		};
		5CE5018B1D999683007C7F90 /* Resources */ = {
			isa = PBXResourcesBuildPhase;
			buildActionMask = 2147483647;
			files = (
			);
			runOnlyForDeploymentPostprocessing = 0;
		};
/* End PBXResourcesBuildPhase section */

/* Begin PBXSourcesBuildPhase section */
		5CE5016A1D999682007C7F90 /* Sources */ = {
			isa = PBXSourcesBuildPhase;
			buildActionMask = 2147483647;
			files = (
				5CE501741D999682007C7F90 /* ViewController.swift in Sources */,
				5CE501721D999682007C7F90 /* AppDelegate.swift in Sources */,
			);
			runOnlyForDeploymentPostprocessing = 0;
		};
		5CE5017E1D999683007C7F90 /* Sources */ = {
			isa = PBXSourcesBuildPhase;
			buildActionMask = 2147483647;
			files = (
				5CE501871D999683007C7F90 /* FirstAfternoonAppTests.swift in Sources */,
			);
			runOnlyForDeploymentPostprocessing = 0;
		};
		5CE501891D999683007C7F90 /* Sources */ = {
			isa = PBXSourcesBuildPhase;
			buildActionMask = 2147483647;
			files = (
				5CE501921D999683007C7F90 /* FirstAfternoonAppUITests.swift in Sources */,
			);
			runOnlyForDeploymentPostprocessing = 0;
		};
/* End PBXSourcesBuildPhase section */

/* Begin PBXTargetDependency section */
		5CE501841D999683007C7F90 /* PBXTargetDependency */ = {
			isa = PBXTargetDependency;
			target = 5CE5016D1D999682007C7F90 /* FirstAfternoonApp */;
			targetProxy = 5CE501831D999683007C7F90 /* PBXContainerItemProxy */;
		};
		5CE5018F1D999683007C7F90 /* PBXTargetDependency */ = {
			isa = PBXTargetDependency;
			target = 5CE5016D1D999682007C7F90 /* FirstAfternoonApp */;
			targetProxy = 5CE5018E1D999683007C7F90 /* PBXContainerItemProxy */;
		};
/* End PBXTargetDependency section */

/* Begin PBXVariantGroup section */
		5CE501751D999682007C7F90 /* Main.storyboard */ = {
			isa = PBXVariantGroup;
			children = (
				5CE501761D999682007C7F90 /* Base */,
			);
			name = Main.storyboard;
			sourceTree = "<group>";
		};
		5CE5017A1D999682007C7F90 /* LaunchScreen.storyboard */ = {
			isa = PBXVariantGroup;
			children = (
				5CE5017B1D999682007C7F90 /* Base */,
			);
			name = LaunchScreen.storyboard;
			sourceTree = "<group>";
		};
/* End PBXVariantGroup section */

/* Begin XCBuildConfiguration section */
		5CE501941D999683007C7F90 /* Debug */ = {
			isa = XCBuildConfiguration;
			buildSettings = {
				ALWAYS_SEARCH_USER_PATHS = NO;
				CLANG_CXX_LANGUAGE_STANDARD = "gnu++0x";
				CLANG_CXX_LIBRARY = "libc++";
				CLANG_ENABLE_MODULES = YES;
				CLANG_ENABLE_OBJC_ARC = YES;
				CLANG_WARN_BOOL_CONVERSION = YES;
				CLANG_WARN_CONSTANT_CONVERSION = YES;
				CLANG_WARN_DIRECT_OBJC_ISA_USAGE = YES_ERROR;
				CLANG_WARN_EMPTY_BODY = YES;
				CLANG_WARN_ENUM_CONVERSION = YES;
				CLANG_WARN_INT_CONVERSION = YES;
				CLANG_WARN_OBJC_ROOT_CLASS = YES_ERROR;
				CLANG_WARN_UNREACHABLE_CODE = YES;
				CLANG_WARN__DUPLICATE_METHOD_MATCH = YES;
				"CODE_SIGN_IDENTITY[sdk=iphoneos*]" = "iPhone Developer";
				COPY_PHASE_STRIP = NO;
				DEBUG_INFORMATION_FORMAT = dwarf;
				ENABLE_STRICT_OBJC_MSGSEND = YES;
				ENABLE_TESTABILITY = YES;
				GCC_C_LANGUAGE_STANDARD = gnu99;
				GCC_DYNAMIC_NO_PIC = NO;
				GCC_NO_COMMON_BLOCKS = YES;
				GCC_OPTIMIZATION_LEVEL = 0;
				GCC_PREPROCESSOR_DEFINITIONS = (
					"DEBUG=1",
					"$(inherited)",
				);
				GCC_WARN_64_TO_32_BIT_CONVERSION = YES;
				GCC_WARN_ABOUT_RETURN_TYPE = YES_ERROR;
				GCC_WARN_UNDECLARED_SELECTOR = YES;
				GCC_WARN_UNINITIALIZED_AUTOS = YES_AGGRESSIVE;
				GCC_WARN_UNUSED_FUNCTION = YES;
				GCC_WARN_UNUSED_VARIABLE = YES;
				IPHONEOS_DEPLOYMENT_TARGET = 9.2;
				MTL_ENABLE_DEBUG_INFO = YES;
				ONLY_ACTIVE_ARCH = YES;
				SDKROOT = iphoneos;
				SWIFT_OPTIMIZATION_LEVEL = "-Onone";
				TARGETED_DEVICE_FAMILY = "1,2";
			};
			name = Debug;
		};
		5CE501951D999683007C7F90 /* Release */ = {
			isa = XCBuildConfiguration;
			buildSettings = {
				ALWAYS_SEARCH_USER_PATHS = NO;
				CLANG_CXX_LANGUAGE_STANDARD = "gnu++0x";
				CLANG_CXX_LIBRARY = "libc++";
				CLANG_ENABLE_MODULES = YES;
				CLANG_ENABLE_OBJC_ARC = YES;
				CLANG_WARN_BOOL_CONVERSION = YES;
				CLANG_WARN_CONSTANT_CONVERSION = YES;
				CLANG_WARN_DIRECT_OBJC_ISA_USAGE = YES_ERROR;
				CLANG_WARN_EMPTY_BODY = YES;
				CLANG_WARN_ENUM_CONVERSION = YES;
				CLANG_WARN_INT_CONVERSION = YES;
				CLANG_WARN_OBJC_ROOT_CLASS = YES_ERROR;
				CLANG_WARN_UNREACHABLE_CODE = YES;
				CLANG_WARN__DUPLICATE_METHOD_MATCH = YES;
				"CODE_SIGN_IDENTITY[sdk=iphoneos*]" = "iPhone Developer";
				COPY_PHASE_STRIP = NO;
				DEBUG_INFORMATION_FORMAT = "dwarf-with-dsym";
				ENABLE_NS_ASSERTIONS = NO;
				ENABLE_STRICT_OBJC_MSGSEND = YES;
				GCC_C_LANGUAGE_STANDARD = gnu99;
				GCC_NO_COMMON_BLOCKS = YES;
				GCC_WARN_64_TO_32_BIT_CONVERSION = YES;
				GCC_WARN_ABOUT_RETURN_TYPE = YES_ERROR;
				GCC_WARN_UNDECLARED_SELECTOR = YES;
				GCC_WARN_UNINITIALIZED_AUTOS = YES_AGGRESSIVE;
				GCC_WARN_UNUSED_FUNCTION = YES;
				GCC_WARN_UNUSED_VARIABLE = YES;
				IPHONEOS_DEPLOYMENT_TARGET = 9.2;
				MTL_ENABLE_DEBUG_INFO = NO;
				SDKROOT = iphoneos;
				TARGETED_DEVICE_FAMILY = "1,2";
				VALIDATE_PRODUCT = YES;
			};
			name = Release;
		};
		5CE501971D999683007C7F90 /* Debug */ = {
			isa = XCBuildConfiguration;
			buildSettings = {
				ASSETCATALOG_COMPILER_APPICON_NAME = AppIcon;
				INFOPLIST_FILE = FirstAfternoonApp/Info.plist;
				LD_RUNPATH_SEARCH_PATHS = "$(inherited) @executable_path/Frameworks";
				PRODUCT_BUNDLE_IDENTIFIER = CTEC.FirstAfternoonApp;
				PRODUCT_NAME = "$(TARGET_NAME)";
			};
			name = Debug;
		};
		5CE501981D999683007C7F90 /* Release */ = {
			isa = XCBuildConfiguration;
			buildSettings = {
				ASSETCATALOG_COMPILER_APPICON_NAME = AppIcon;
				INFOPLIST_FILE = FirstAfternoonApp/Info.plist;
				LD_RUNPATH_SEARCH_PATHS = "$(inherited) @executable_path/Frameworks";
				PRODUCT_BUNDLE_IDENTIFIER = CTEC.FirstAfternoonApp;
				PRODUCT_NAME = "$(TARGET_NAME)";
			};
			name = Release;
		};
		5CE5019A1D999683007C7F90 /* Debug */ = {
			isa = XCBuildConfiguration;
			buildSettings = {
				BUNDLE_LOADER = "$(TEST_HOST)";
				INFOPLIST_FILE = FirstAfternoonAppTests/Info.plist;
				LD_RUNPATH_SEARCH_PATHS = "$(inherited) @executable_path/Frameworks @loader_path/Frameworks";
				PRODUCT_BUNDLE_IDENTIFIER = CTEC.FirstAfternoonAppTests;
				PRODUCT_NAME = "$(TARGET_NAME)";
				TEST_HOST = "$(BUILT_PRODUCTS_DIR)/FirstAfternoonApp.app/FirstAfternoonApp";
			};
			name = Debug;
		};
		5CE5019B1D999683007C7F90 /* Release */ = {
			isa = XCBuildConfiguration;
			buildSettings = {
				BUNDLE_LOADER = "$(TEST_HOST)";
				INFOPLIST_FILE = FirstAfternoonAppTests/Info.plist;
				LD_RUNPATH_SEARCH_PATHS = "$(inherited) @executable_path/Frameworks @loader_path/Frameworks";
				PRODUCT_BUNDLE_IDENTIFIER = CTEC.FirstAfternoonAppTests;
				PRODUCT_NAME = "$(TARGET_NAME)";
				TEST_HOST = "$(BUILT_PRODUCTS_DIR)/FirstAfternoonApp.app/FirstAfternoonApp";
			};
			name = Release;
		};
		5CE5019D1D999683007C7F90 /* Debug */ = {
			isa = XCBuildConfiguration;
			buildSettings = {
				INFOPLIST_FILE = FirstAfternoonAppUITests/Info.plist;
				LD_RUNPATH_SEARCH_PATHS = "$(inherited) @executable_path/Frameworks @loader_path/Frameworks";
				PRODUCT_BUNDLE_IDENTIFIER = CTEC.FirstAfternoonAppUITests;
				PRODUCT_NAME = "$(TARGET_NAME)";
				TEST_TARGET_NAME = FirstAfternoonApp;
				USES_XCTRUNNER = YES;
			};
			name = Debug;
		};
		5CE5019E1D999683007C7F90 /* Release */ = {
			isa = XCBuildConfiguration;
			buildSettings = {
				INFOPLIST_FILE = FirstAfternoonAppUITests/Info.plist;
				LD_RUNPATH_SEARCH_PATHS = "$(inherited) @executable_path/Frameworks @loader_path/Frameworks";
				PRODUCT_BUNDLE_IDENTIFIER = CTEC.FirstAfternoonAppUITests;
				PRODUCT_NAME = "$(TARGET_NAME)";
				TEST_TARGET_NAME = FirstAfternoonApp;
				USES_XCTRUNNER = YES;
			};
			name = Release;
		};
/* End XCBuildConfiguration section */

/* Begin XCConfigurationList section */
		5CE501691D999682007C7F90 /* Build configuration list for PBXProject "FirstAfternoonApp" */ = {
			isa = XCConfigurationList;
			buildConfigurations = (
				5CE501941D999683007C7F90 /* Debug */,
				5CE501951D999683007C7F90 /* Release */,
			);
			defaultConfigurationIsVisible = 0;
			defaultConfigurationName = Release;
		};
		5CE501961D999683007C7F90 /* Build configuration list for PBXNativeTarget "FirstAfternoonApp" */ = {
			isa = XCConfigurationList;
			buildConfigurations = (
				5CE501971D999683007C7F90 /* Debug */,
				5CE501981D999683007C7F90 /* Release */,
			);
			defaultConfigurationIsVisible = 0;
		};
		5CE501991D999683007C7F90 /* Build configuration list for PBXNativeTarget "FirstAfternoonAppTests" */ = {
			isa = XCConfigurationList;
			buildConfigurations = (
				5CE5019A1D999683007C7F90 /* Debug */,
				5CE5019B1D999683007C7F90 /* Release */,
			);
			defaultConfigurationIsVisible = 0;
		};
		5CE5019C1D999683007C7F90 /* Build configuration list for PBXNativeTarget "FirstAfternoonAppUITests" */ = {
			isa = XCConfigurationList;
			buildConfigurations = (
				5CE5019D1D999683007C7F90 /* Debug */,
				5CE5019E1D999683007C7F90 /* Release */,
			);
			defaultConfigurationIsVisible = 0;
		};
/* End XCConfigurationList section */
	};
	rootObject = 5CE501661D999682007C7F90 /* Project object */;
}
